
Microsoft Visual Studio Solution File, Format Version 12.00
# Visual Studio Version 16
VisualStudioVersion = 16.0.30128.74
MinimumVisualStudioVersion = 10.0.40219.1
Project("{8BC9CEB8-8B4A-11D0-8D11-00A0C91BC942}") = "Laba1neuron", "Laba1neuron\Laba1neuron.vcxproj", "{E248B01D-0D13-4557-AC9A-03F6F2CA069D}"
EndProject
Global
	GlobalSection(SolutionConfigurationPlatforms) = preSolution
		Debug|x64 = Debug|x64
		Debug|x86 = Debug|x86
		Release|x64 = Release|x64
		Release|x86 = Release|x86
	EndGlobalSection
	GlobalSection(ProjectConfigurationPlatforms) = postSolution
		{E248B01D-0D13-4557-AC9A-03F6F2CA069D}.Debug|x64.ActiveCfg = Debug|x64
		{E248B01D-0D13-4557-AC9A-03F6F2CA069D}.Debug|x64.Build.0 = Debug|x64
		{E248B01D-0D13-4557-AC9A-03F6F2CA069D}.Debug|x86.ActiveCfg = Debug|Win32
		{E248B01D-0D13-4557-AC9A-03F6F2CA069D}.Debug|x86.Build.0 = Debug|Win32
		{E248B01D-0D13-4557-AC9A-03F6F2CA069D}.Release|x64.ActiveCfg = Release|x64
		{E248B01D-0D13-4557-AC9A-03F6F2CA069D}.Release|x64.Build.0 = Release|x64
		{E248B01D-0D13-4557-AC9A-03F6F2CA069D}.Release|x86.ActiveCfg = Release|Win32
		{E248B01D-0D13-4557-AC9A-03F6F2CA069D}.Release|x86.Build.0 = Release|Win32
	EndGlobalSection
	GlobalSection(SolutionProperties) = preSolution
		HideSolutionNode = FALSE
	EndGlobalSection
	GlobalSection(ExtensibilityGlobals) = postSolution
		SolutionGuid = {5F1E1CEC-16DB-4BEC-9AAD-223BBA40BCC7}
	EndGlobalSection
EndGlobal
